
Microsoft Visual Studio Solution File, Format Version 12.00
# Visual Studio Version 17
VisualStudioVersion = 17.6.33712.159
MinimumVisualStudioVersion = 10.0.40219.1
Project("{FAE04EC0-301F-11D3-BF4B-00C04F79EFBC}") = "LoogError", "LoogError.csproj", "{A6D2DE23-E27F-47AE-8EE6-450B5B2FED9A}"
EndProject
Global
	GlobalSection(SolutionConfigurationPlatforms) = preSolution
		Debug|Any CPU = Debug|Any CPU
		Release|Any CPU = Release|Any CPU
	EndGlobalSection
	GlobalSection(ProjectConfigurationPlatforms) = postSolution
		{A6D2DE23-E27F-47AE-8EE6-450B5B2FED9A}.Debug|Any CPU.ActiveCfg = Debug|Any CPU
		{A6D2DE23-E27F-47AE-8EE6-450B5B2FED9A}.Debug|Any CPU.Build.0 = Debug|Any CPU
		{A6D2DE23-E27F-47AE-8EE6-450B5B2FED9A}.Release|Any CPU.ActiveCfg = Release|Any CPU
		{A6D2DE23-E27F-47AE-8EE6-450B5B2FED9A}.Release|Any CPU.Build.0 = Release|Any CPU
	EndGlobalSection
	GlobalSection(SolutionProperties) = preSolution
		HideSolutionNode = FALSE
	EndGlobalSection
	GlobalSection(ExtensibilityGlobals) = postSolution
		SolutionGuid = {599F7A0A-EA9C-4A86-9870-270A7FF65F43}
	EndGlobalSection
EndGlobal
